
Microsoft Visual Studio Solution File, Format Version 12.00
# Visual Studio Version 17
VisualStudioVersion = 17.5.002.0
MinimumVisualStudioVersion = 10.0.40219.1
Project("{9A19103F-16F7-4668-BE54-9A1E7A4F7556}") = "PracticingBigONotation", "PracticingBigONotation.csproj", "{E689F143-1830-4D41-B40C-17244879A964}"
EndProject
Global
	GlobalSection(SolutionConfigurationPlatforms) = preSolution
		Debug|Any CPU = Debug|Any CPU
		Release|Any CPU = Release|Any CPU
	EndGlobalSection
	GlobalSection(ProjectConfigurationPlatforms) = postSolution
		{E689F143-1830-4D41-B40C-17244879A964}.Debug|Any CPU.ActiveCfg = Debug|Any CPU
		{E689F143-1830-4D41-B40C-17244879A964}.Debug|Any CPU.Build.0 = Debug|Any CPU
		{E689F143-1830-4D41-B40C-17244879A964}.Release|Any CPU.ActiveCfg = Release|Any CPU
		{E689F143-1830-4D41-B40C-17244879A964}.Release|Any CPU.Build.0 = Release|Any CPU
	EndGlobalSection
	GlobalSection(SolutionProperties) = preSolution
		HideSolutionNode = FALSE
	EndGlobalSection
	GlobalSection(ExtensibilityGlobals) = postSolution
		SolutionGuid = {348B7006-B975-4340-98E3-87195012E5F2}
	EndGlobalSection
EndGlobal
